
Microsoft Visual Studio Solution File, Format Version 12.00
# Visual Studio 15
VisualStudioVersion = 15.0.27130.2026
MinimumVisualStudioVersion = 10.0.40219.1
Project("{FAE04EC0-301F-11D3-BF4B-00C04F79EFBC}") = "Xml2PemTools", "Xml2PemTools\Xml2PemTools.csproj", "{A0FDA439-7BD4-4CEC-AB64-306B555FD88F}"
EndProject
Global
	GlobalSection(SolutionConfigurationPlatforms) = preSolution
		Debug|Any CPU = Debug|Any CPU
		Release|Any CPU = Release|Any CPU
	EndGlobalSection
	GlobalSection(ProjectConfigurationPlatforms) = postSolution
		{A0FDA439-7BD4-4CEC-AB64-306B555FD88F}.Debug|Any CPU.ActiveCfg = Debug|Any CPU
		{A0FDA439-7BD4-4CEC-AB64-306B555FD88F}.Debug|Any CPU.Build.0 = Debug|Any CPU
		{A0FDA439-7BD4-4CEC-AB64-306B555FD88F}.Release|Any CPU.ActiveCfg = Release|Any CPU
		{A0FDA439-7BD4-4CEC-AB64-306B555FD88F}.Release|Any CPU.Build.0 = Release|Any CPU
	EndGlobalSection
	GlobalSection(SolutionProperties) = preSolution
		HideSolutionNode = FALSE
	EndGlobalSection
	GlobalSection(ExtensibilityGlobals) = postSolution
		SolutionGuid = {F6EB6315-247A-4DB2-A769-C955687804A8}
	EndGlobalSection
EndGlobal
